// !$*UTF8*$!
{
	archiveVersion = 1;
	classes = {
	};
	objectVersion = 46;
	objects = {

/* Begin PBXBuildFile section */
		B6084B291C85B479005093F2 /* AppDelegate.swift in Sources */ = {isa = PBXBuildFile; fileRef = B6084B281C85B479005093F2 /* AppDelegate.swift */; };
		B6084B2B1C85B479005093F2 /* Assets.xcassets in Resources */ = {isa = PBXBuildFile; fileRef = B6084B2A1C85B479005093F2 /* Assets.xcassets */; };
		B6084B2E1C85B479005093F2 /* MainMenu.xib in Resources */ = {isa = PBXBuildFile; fileRef = B6084B2C1C85B479005093F2 /* MainMenu.xib */; };
		B6084B381C85B59C005093F2 /* Model.swift in Sources */ = {isa = PBXBuildFile; fileRef = B6084B361C85B59C005093F2 /* Model.swift */; settings = {ASSET_TAGS = (); }; };
		B6084B561C85D40F005093F2 /* ViewController.swift in Sources */ = {isa = PBXBuildFile; fileRef = B6084B541C85D40F005093F2 /* ViewController.swift */; settings = {ASSET_TAGS = (); }; };
		B6084B571C85D40F005093F2 /* ViewController.xib in Resources */ = {isa = PBXBuildFile; fileRef = B6084B551C85D40F005093F2 /* ViewController.xib */; settings = {ASSET_TAGS = (); }; };
		B6429FA91C85EF2400558CDF /* ListView.swift in Sources */ = {isa = PBXBuildFile; fileRef = B6429FA71C85EF2400558CDF /* ListView.swift */; settings = {ASSET_TAGS = (); }; };
		B6429FAA1C85EF2400558CDF /* ListView.xib in Resources */ = {isa = PBXBuildFile; fileRef = B6429FA81C85EF2400558CDF /* ListView.xib */; settings = {ASSET_TAGS = (); }; };
		B645DB6E1CA469A900B97B0B /* TableViewDelegate.swift in Sources */ = {isa = PBXBuildFile; fileRef = B645DB6D1CA469A900B97B0B /* TableViewDelegate.swift */; settings = {ASSET_TAGS = (); }; };
		B645DB701CA469DF00B97B0B /* ScrollViewDelegate.swift in Sources */ = {isa = PBXBuildFile; fileRef = B645DB6F1CA469DF00B97B0B /* ScrollViewDelegate.swift */; settings = {ASSET_TAGS = (); }; };
		B645DB721CA46AD100B97B0B /* ItemsScrollView.swift in Sources */ = {isa = PBXBuildFile; fileRef = B645DB711CA46AD100B97B0B /* ItemsScrollView.swift */; settings = {ASSET_TAGS = (); }; };
		B6C4B2DB1CA83AE300CF2249 /* SidebarTableRow.swift in Sources */ = {isa = PBXBuildFile; fileRef = B6C4B2DA1CA83AE300CF2249 /* SidebarTableRow.swift */; settings = {ASSET_TAGS = (); }; };
		B6FF07461C99D2EF0005A688 /* ItemsTableView.swift in Sources */ = {isa = PBXBuildFile; fileRef = B6FF07451C99D2EF0005A688 /* ItemsTableView.swift */; settings = {ASSET_TAGS = (); }; };
/* End PBXBuildFile section */

/* Begin PBXFileReference section */
		B6084B251C85B479005093F2 /* FileManagerProgram.app */ = {isa = PBXFileReference; explicitFileType = wrapper.application; includeInIndex = 0; path = FileManagerProgram.app; sourceTree = BUILT_PRODUCTS_DIR; };
		B6084B281C85B479005093F2 /* AppDelegate.swift */ = {isa = PBXFileReference; lastKnownFileType = sourcecode.swift; path = AppDelegate.swift; sourceTree = "<group>"; };
		B6084B2A1C85B479005093F2 /* Assets.xcassets */ = {isa = PBXFileReference; lastKnownFileType = folder.assetcatalog; path = Assets.xcassets; sourceTree = "<group>"; };
		B6084B2D1C85B479005093F2 /* Base */ = {isa = PBXFileReference; lastKnownFileType = file.xib; name = Base; path = Base.lproj/MainMenu.xib; sourceTree = "<group>"; };
		B6084B2F1C85B479005093F2 /* Info.plist */ = {isa = PBXFileReference; lastKnownFileType = text.plist.xml; path = Info.plist; sourceTree = "<group>"; };
		B6084B361C85B59C005093F2 /* Model.swift */ = {isa = PBXFileReference; fileEncoding = 4; lastKnownFileType = sourcecode.swift; path = Model.swift; sourceTree = "<group>"; };
		B6084B541C85D40F005093F2 /* ViewController.swift */ = {isa = PBXFileReference; fileEncoding = 4; lastKnownFileType = sourcecode.swift; path = ViewController.swift; sourceTree = "<group>"; };
		B6084B551C85D40F005093F2 /* ViewController.xib */ = {isa = PBXFileReference; fileEncoding = 4; lastKnownFileType = file.xib; path = ViewController.xib; sourceTree = "<group>"; };
		B6429FA71C85EF2400558CDF /* ListView.swift */ = {isa = PBXFileReference; fileEncoding = 4; lastKnownFileType = sourcecode.swift; path = ListView.swift; sourceTree = "<group>"; };
		B6429FA81C85EF2400558CDF /* ListView.xib */ = {isa = PBXFileReference; fileEncoding = 4; lastKnownFileType = file.xib; path = ListView.xib; sourceTree = "<group>"; };
		B645DB6D1CA469A900B97B0B /* TableViewDelegate.swift */ = {isa = PBXFileReference; fileEncoding = 4; lastKnownFileType = sourcecode.swift; path = TableViewDelegate.swift; sourceTree = "<group>"; };
		B645DB6F1CA469DF00B97B0B /* ScrollViewDelegate.swift */ = {isa = PBXFileReference; fileEncoding = 4; lastKnownFileType = sourcecode.swift; path = ScrollViewDelegate.swift; sourceTree = "<group>"; };
		B645DB711CA46AD100B97B0B /* ItemsScrollView.swift */ = {isa = PBXFileReference; fileEncoding = 4; lastKnownFileType = sourcecode.swift; path = ItemsScrollView.swift; sourceTree = "<group>"; };
		B6C4B2DA1CA83AE300CF2249 /* SidebarTableRow.swift */ = {isa = PBXFileReference; fileEncoding = 4; lastKnownFileType = sourcecode.swift; path = SidebarTableRow.swift; sourceTree = "<group>"; };
		B6FF07451C99D2EF0005A688 /* ItemsTableView.swift */ = {isa = PBXFileReference; fileEncoding = 4; lastKnownFileType = sourcecode.swift; path = ItemsTableView.swift; sourceTree = "<group>"; };
/* End PBXFileReference section */

/* Begin PBXFrameworksBuildPhase section */
		B6084B221C85B479005093F2 /* Frameworks */ = {
			isa = PBXFrameworksBuildPhase;
			buildActionMask = 2147483647;
			files = (
			);
			runOnlyForDeploymentPostprocessing = 0;
		};
/* End PBXFrameworksBuildPhase section */

/* Begin PBXGroup section */
		B6084B1C1C85B479005093F2 = {
			isa = PBXGroup;
			children = (
				B6084B271C85B479005093F2 /* FileManagerProgram */,
				B6084B261C85B479005093F2 /* Products */,
			);
			sourceTree = "<group>";
		};
		B6084B261C85B479005093F2 /* Products */ = {
			isa = PBXGroup;
			children = (
				B6084B251C85B479005093F2 /* FileManagerProgram.app */,
			);
			name = Products;
			sourceTree = "<group>";
		};
		B6084B271C85B479005093F2 /* FileManagerProgram */ = {
			isa = PBXGroup;
			children = (
				B6084B281C85B479005093F2 /* AppDelegate.swift */,
				B6084B541C85D40F005093F2 /* ViewController.swift */,
				B6429FA71C85EF2400558CDF /* ListView.swift */,
				B6FF07451C99D2EF0005A688 /* ItemsTableView.swift */,
				B645DB711CA46AD100B97B0B /* ItemsScrollView.swift */,
				B6C4B2DA1CA83AE300CF2249 /* SidebarTableRow.swift */,
				B645DB6D1CA469A900B97B0B /* TableViewDelegate.swift */,
				B645DB6F1CA469DF00B97B0B /* ScrollViewDelegate.swift */,
				B6084B361C85B59C005093F2 /* Model.swift */,
				B6084B2A1C85B479005093F2 /* Assets.xcassets */,
				B6084B2C1C85B479005093F2 /* MainMenu.xib */,
				B6084B551C85D40F005093F2 /* ViewController.xib */,
				B6429FA81C85EF2400558CDF /* ListView.xib */,
				B6084B2F1C85B479005093F2 /* Info.plist */,
			);
			path = FileManagerProgram;
			sourceTree = "<group>";
		};
/* End PBXGroup section */

/* Begin PBXNativeTarget section */
		B6084B241C85B479005093F2 /* FileManagerProgram */ = {
			isa = PBXNativeTarget;
			buildConfigurationList = B6084B321C85B479005093F2 /* Build configuration list for PBXNativeTarget "FileManagerProgram" */;
			buildPhases = (
				B6084B211C85B479005093F2 /* Sources */,
				B6084B221C85B479005093F2 /* Frameworks */,
				B6084B231C85B479005093F2 /* Resources */,
			);
			buildRules = (
			);
			dependencies = (
			);
			name = FileManagerProgram;
			productName = SidebarProgram;
			productReference = B6084B251C85B479005093F2 /* FileManagerProgram.app */;
			productType = "com.apple.product-type.application";
		};
/* End PBXNativeTarget section */

/* Begin PBXProject section */
		B6084B1D1C85B479005093F2 /* Project object */ = {
			isa = PBXProject;
			attributes = {
				LastUpgradeCheck = 0700;
				ORGANIZATIONNAME = "Fred Stidston";
				TargetAttributes = {
					B6084B241C85B479005093F2 = {
						CreatedOnToolsVersion = 7.0.1;
					};
				};
			};
			buildConfigurationList = B6084B201C85B479005093F2 /* Build configuration list for PBXProject "FileManagerProgram" */;
			compatibilityVersion = "Xcode 3.2";
			developmentRegion = English;
			hasScannedForEncodings = 0;
			knownRegions = (
				en,
				Base,
			);
			mainGroup = B6084B1C1C85B479005093F2;
			productRefGroup = B6084B261C85B479005093F2 /* Products */;
			projectDirPath = "";
			projectRoot = "";
			targets = (
				B6084B241C85B479005093F2 /* FileManagerProgram */,
			);
		};
/* End PBXProject section */

/* Begin PBXResourcesBuildPhase section */
		B6084B231C85B479005093F2 /* Resources */ = {
			isa = PBXResourcesBuildPhase;
			buildActionMask = 2147483647;
			files = (
				B6429FAA1C85EF2400558CDF /* ListView.xib in Resources */,
				B6084B2B1C85B479005093F2 /* Assets.xcassets in Resources */,
				B6084B571C85D40F005093F2 /* ViewController.xib in Resources */,
				B6084B2E1C85B479005093F2 /* MainMenu.xib in Resources */,
			);
			runOnlyForDeploymentPostprocessing = 0;
		};
/* End PBXResourcesBuildPhase section */

/* Begin PBXSourcesBuildPhase section */
		B6084B211C85B479005093F2 /* Sources */ = {
			isa = PBXSourcesBuildPhase;
			buildActionMask = 2147483647;
			files = (
				B645DB701CA469DF00B97B0B /* ScrollViewDelegate.swift in Sources */,
				B6C4B2DB1CA83AE300CF2249 /* SidebarTableRow.swift in Sources */,
				B645DB6E1CA469A900B97B0B /* TableViewDelegate.swift in Sources */,
				B6429FA91C85EF2400558CDF /* ListView.swift in Sources */,
				B6FF07461C99D2EF0005A688 /* ItemsTableView.swift in Sources */,
				B645DB721CA46AD100B97B0B /* ItemsScrollView.swift in Sources */,
				B6084B381C85B59C005093F2 /* Model.swift in Sources */,
				B6084B291C85B479005093F2 /* AppDelegate.swift in Sources */,
				B6084B561C85D40F005093F2 /* ViewController.swift in Sources */,
			);
			runOnlyForDeploymentPostprocessing = 0;
		};
/* End PBXSourcesBuildPhase section */

/* Begin PBXVariantGroup section */
		B6084B2C1C85B479005093F2 /* MainMenu.xib */ = {
			isa = PBXVariantGroup;
			children = (
				B6084B2D1C85B479005093F2 /* Base */,
			);
			name = MainMenu.xib;
			sourceTree = "<group>";
		};
/* End PBXVariantGroup section */

/* Begin XCBuildConfiguration section */
		B6084B301C85B479005093F2 /* Debug */ = {
			isa = XCBuildConfiguration;
			buildSettings = {
				ALWAYS_SEARCH_USER_PATHS = NO;
				CLANG_CXX_LANGUAGE_STANDARD = "gnu++0x";
				CLANG_CXX_LIBRARY = "libc++";
				CLANG_ENABLE_MODULES = YES;
				CLANG_ENABLE_OBJC_ARC = YES;
				CLANG_WARN_BOOL_CONVERSION = YES;
				CLANG_WARN_CONSTANT_CONVERSION = YES;
				CLANG_WARN_DIRECT_OBJC_ISA_USAGE = YES_ERROR;
				CLANG_WARN_EMPTY_BODY = YES;
				CLANG_WARN_ENUM_CONVERSION = YES;
				CLANG_WARN_INT_CONVERSION = YES;
				CLANG_WARN_OBJC_ROOT_CLASS = YES_ERROR;
				CLANG_WARN_UNREACHABLE_CODE = YES;
				CLANG_WARN__DUPLICATE_METHOD_MATCH = YES;
				CODE_SIGN_IDENTITY = "-";
				COPY_PHASE_STRIP = NO;
				DEBUG_INFORMATION_FORMAT = dwarf;
				ENABLE_STRICT_OBJC_MSGSEND = YES;
				ENABLE_TESTABILITY = YES;
				GCC_C_LANGUAGE_STANDARD = gnu99;
				GCC_DYNAMIC_NO_PIC = NO;
				GCC_NO_COMMON_BLOCKS = YES;
				GCC_OPTIMIZATION_LEVEL = 0;
				GCC_PREPROCESSOR_DEFINITIONS = (
					"DEBUG=1",
					"$(inherited)",
				);
				GCC_WARN_64_TO_32_BIT_CONVERSION = YES;
				GCC_WARN_ABOUT_RETURN_TYPE = YES_ERROR;
				GCC_WARN_UNDECLARED_SELECTOR = YES;
				GCC_WARN_UNINITIALIZED_AUTOS = YES_AGGRESSIVE;
				GCC_WARN_UNUSED_FUNCTION = YES;
				GCC_WARN_UNUSED_VARIABLE = YES;
				MACOSX_DEPLOYMENT_TARGET = 10.11;
				MTL_ENABLE_DEBUG_INFO = YES;
				ONLY_ACTIVE_ARCH = YES;
				SDKROOT = macosx;
				SWIFT_OPTIMIZATION_LEVEL = "-Onone";
			};
			name = Debug;
		};
		B6084B311C85B479005093F2 /* Release */ = {
			isa = XCBuildConfiguration;
			buildSettings = {
				ALWAYS_SEARCH_USER_PATHS = NO;
				CLANG_CXX_LANGUAGE_STANDARD = "gnu++0x";
				CLANG_CXX_LIBRARY = "libc++";
				CLANG_ENABLE_MODULES = YES;
				CLANG_ENABLE_OBJC_ARC = YES;
				CLANG_WARN_BOOL_CONVERSION = YES;
				CLANG_WARN_CONSTANT_CONVERSION = YES;
				CLANG_WARN_DIRECT_OBJC_ISA_USAGE = YES_ERROR;
				CLANG_WARN_EMPTY_BODY = YES;
				CLANG_WARN_ENUM_CONVERSION = YES;
				CLANG_WARN_INT_CONVERSION = YES;
				CLANG_WARN_OBJC_ROOT_CLASS = YES_ERROR;
				CLANG_WARN_UNREACHABLE_CODE = YES;
				CLANG_WARN__DUPLICATE_METHOD_MATCH = YES;
				CODE_SIGN_IDENTITY = "-";
				COPY_PHASE_STRIP = NO;
				DEBUG_INFORMATION_FORMAT = "dwarf-with-dsym";
				ENABLE_NS_ASSERTIONS = NO;
				ENABLE_STRICT_OBJC_MSGSEND = YES;
				GCC_C_LANGUAGE_STANDARD = gnu99;
				GCC_NO_COMMON_BLOCKS = YES;
				GCC_WARN_64_TO_32_BIT_CONVERSION = YES;
				GCC_WARN_ABOUT_RETURN_TYPE = YES_ERROR;
				GCC_WARN_UNDECLARED_SELECTOR = YES;
				GCC_WARN_UNINITIALIZED_AUTOS = YES_AGGRESSIVE;
				GCC_WARN_UNUSED_FUNCTION = YES;
				GCC_WARN_UNUSED_VARIABLE = YES;
				MACOSX_DEPLOYMENT_TARGET = 10.11;
				MTL_ENABLE_DEBUG_INFO = NO;
				SDKROOT = macosx;
			};
			name = Release;
		};
		B6084B331C85B479005093F2 /* Debug */ = {
			isa = XCBuildConfiguration;
			buildSettings = {
				ASSETCATALOG_COMPILER_APPICON_NAME = AppIcon;
				COMBINE_HIDPI_IMAGES = YES;
				INFOPLIST_FILE = "$(SRCROOT)/FileManagerProgram/Info.plist";
				LD_RUNPATH_SEARCH_PATHS = "$(inherited) @executable_path/../Frameworks";
				PRODUCT_BUNDLE_IDENTIFIER = stidstondesign.FileManagerProgram;
				PRODUCT_NAME = FileManagerProgram;
			};
			name = Debug;
		};
		B6084B341C85B479005093F2 /* Release */ = {
			isa = XCBuildConfiguration;
			buildSettings = {
				ASSETCATALOG_COMPILER_APPICON_NAME = AppIcon;
				COMBINE_HIDPI_IMAGES = YES;
				INFOPLIST_FILE = "$(SRCROOT)/FileManagerProgram/Info.plist";
				LD_RUNPATH_SEARCH_PATHS = "$(inherited) @executable_path/../Frameworks";
				PRODUCT_BUNDLE_IDENTIFIER = stidstondesign.FileManagerProgram;
				PRODUCT_NAME = FileManagerProgram;
			};
			name = Release;
		};
/* End XCBuildConfiguration section */

/* Begin XCConfigurationList section */
		B6084B201C85B479005093F2 /* Build configuration list for PBXProject "FileManagerProgram" */ = {
			isa = XCConfigurationList;
			buildConfigurations = (
				B6084B301C85B479005093F2 /* Debug */,
				B6084B311C85B479005093F2 /* Release */,
			);
			defaultConfigurationIsVisible = 0;
			defaultConfigurationName = Release;
		};
		B6084B321C85B479005093F2 /* Build configuration list for PBXNativeTarget "FileManagerProgram" */ = {
			isa = XCConfigurationList;
			buildConfigurations = (
				B6084B331C85B479005093F2 /* Debug */,
				B6084B341C85B479005093F2 /* Release */,
			);
			defaultConfigurationIsVisible = 0;
			defaultConfigurationName = Release;
		};
/* End XCConfigurationList section */
	};
	rootObject = B6084B1D1C85B479005093F2 /* Project object */;
}
